
Microsoft Visual Studio Solution File, Format Version 12.00
# Visual Studio Version 17
VisualStudioVersion = 17.9.34511.98
MinimumVisualStudioVersion = 10.0.40219.1
Project("{9A19103F-16F7-4668-BE54-9A1E7A4F7556}") = "PrimeWeb", "PrimeWeb\PrimeWeb.csproj", "{D9BAEEAE-528A-487E-804B-30ED0474A2F4}"
EndProject
Project("{9A19103F-16F7-4668-BE54-9A1E7A4F7556}") = "PrimeWeb1.IntegrationTests", "PrimeWeb1.IntegrationTests\PrimeWeb1.IntegrationTests.csproj", "{71C9165B-D25F-45CD-B18D-E87CE7723D83}"
EndProject
Project("{9A19103F-16F7-4668-BE54-9A1E7A4F7556}") = "PrimeWeb1.UnitTests", "PrimeWeb1.UnitTests\PrimeWeb1.UnitTests.csproj", "{9387556C-DA8A-44E0-B9BA-DADD5A9C5296}"
EndProject
Global
	GlobalSection(SolutionConfigurationPlatforms) = preSolution
		Debug|Any CPU = Debug|Any CPU
		Release|Any CPU = Release|Any CPU
	EndGlobalSection
	GlobalSection(ProjectConfigurationPlatforms) = postSolution
		{D9BAEEAE-528A-487E-804B-30ED0474A2F4}.Debug|Any CPU.ActiveCfg = Debug|Any CPU
		{D9BAEEAE-528A-487E-804B-30ED0474A2F4}.Debug|Any CPU.Build.0 = Debug|Any CPU
		{D9BAEEAE-528A-487E-804B-30ED0474A2F4}.Release|Any CPU.ActiveCfg = Release|Any CPU
		{D9BAEEAE-528A-487E-804B-30ED0474A2F4}.Release|Any CPU.Build.0 = Release|Any CPU
		{71C9165B-D25F-45CD-B18D-E87CE7723D83}.Debug|Any CPU.ActiveCfg = Debug|Any CPU
		{71C9165B-D25F-45CD-B18D-E87CE7723D83}.Debug|Any CPU.Build.0 = Debug|Any CPU
		{71C9165B-D25F-45CD-B18D-E87CE7723D83}.Release|Any CPU.ActiveCfg = Release|Any CPU
		{71C9165B-D25F-45CD-B18D-E87CE7723D83}.Release|Any CPU.Build.0 = Release|Any CPU
		{9387556C-DA8A-44E0-B9BA-DADD5A9C5296}.Debug|Any CPU.ActiveCfg = Debug|Any CPU
		{9387556C-DA8A-44E0-B9BA-DADD5A9C5296}.Debug|Any CPU.Build.0 = Debug|Any CPU
		{9387556C-DA8A-44E0-B9BA-DADD5A9C5296}.Release|Any CPU.ActiveCfg = Release|Any CPU
		{9387556C-DA8A-44E0-B9BA-DADD5A9C5296}.Release|Any CPU.Build.0 = Release|Any CPU
	EndGlobalSection
	GlobalSection(SolutionProperties) = preSolution
		HideSolutionNode = FALSE
	EndGlobalSection
	GlobalSection(ExtensibilityGlobals) = postSolution
		SolutionGuid = {4B27C2FC-A761-4497-A73B-33217E6DE678}
	EndGlobalSection
EndGlobal
